
Microsoft Visual Studio Solution File, Format Version 10.00
# Visual Studio 2008
Project("{8BC9CEB8-8B4A-11D0-8D11-00A0C91BC942}") = "SDKHooks", "sdk.vcproj", "{B3E797CF-4E77-4C9D-B8A8-7589B6902206}"
EndProject
Global
	GlobalSection(SolutionConfigurationPlatforms) = preSolution
		Release - Episode 1(mm17sm124)|Win32 = Release - Episode 1(mm17sm124)|Win32
		Release - Episode 1(mm18sm13)|Win32 = Release - Episode 1(mm18sm13)|Win32
		Release - Left 4 Dead 2(mm18sm13)|Win32 = Release - Left 4 Dead 2(mm18sm13)|Win32
		Release - Left 4 Dead(mm17sm124)|Win32 = Release - Left 4 Dead(mm17sm124)|Win32
		Release - Left 4 Dead(mm18sm13)|Win32 = Release - Left 4 Dead(mm18sm13)|Win32
		Release - Orange Box(mm17sm124)|Win32 = Release - Orange Box(mm17sm124)|Win32
		Release - Orange Box(mm18sm13)|Win32 = Release - Orange Box(mm18sm13)|Win32
	EndGlobalSection
	GlobalSection(ProjectConfigurationPlatforms) = postSolution
		{B3E797CF-4E77-4C9D-B8A8-7589B6902206}.Release - Episode 1(mm17sm124)|Win32.ActiveCfg = Release - Episode 1(mm17sm124)|Win32
		{B3E797CF-4E77-4C9D-B8A8-7589B6902206}.Release - Episode 1(mm17sm124)|Win32.Build.0 = Release - Episode 1(mm17sm124)|Win32
		{B3E797CF-4E77-4C9D-B8A8-7589B6902206}.Release - Episode 1(mm18sm13)|Win32.ActiveCfg = Release - Episode 1(mm18sm13)|Win32
		{B3E797CF-4E77-4C9D-B8A8-7589B6902206}.Release - Episode 1(mm18sm13)|Win32.Build.0 = Release - Episode 1(mm18sm13)|Win32
		{B3E797CF-4E77-4C9D-B8A8-7589B6902206}.Release - Left 4 Dead 2(mm18sm13)|Win32.ActiveCfg = Release - Left 4 Dead 2(mm18sm13)|Win32
		{B3E797CF-4E77-4C9D-B8A8-7589B6902206}.Release - Left 4 Dead 2(mm18sm13)|Win32.Build.0 = Release - Left 4 Dead 2(mm18sm13)|Win32
		{B3E797CF-4E77-4C9D-B8A8-7589B6902206}.Release - Left 4 Dead(mm17sm124)|Win32.ActiveCfg = Release - Left 4 Dead(mm17sm124)|Win32
		{B3E797CF-4E77-4C9D-B8A8-7589B6902206}.Release - Left 4 Dead(mm17sm124)|Win32.Build.0 = Release - Left 4 Dead(mm17sm124)|Win32
		{B3E797CF-4E77-4C9D-B8A8-7589B6902206}.Release - Left 4 Dead(mm18sm13)|Win32.ActiveCfg = Release - Left 4 Dead(mm18sm13)|Win32
		{B3E797CF-4E77-4C9D-B8A8-7589B6902206}.Release - Left 4 Dead(mm18sm13)|Win32.Build.0 = Release - Left 4 Dead(mm18sm13)|Win32
		{B3E797CF-4E77-4C9D-B8A8-7589B6902206}.Release - Orange Box(mm17sm124)|Win32.ActiveCfg = Release - Orange Box(mm17sm124)|Win32
		{B3E797CF-4E77-4C9D-B8A8-7589B6902206}.Release - Orange Box(mm17sm124)|Win32.Build.0 = Release - Orange Box(mm17sm124)|Win32
		{B3E797CF-4E77-4C9D-B8A8-7589B6902206}.Release - Orange Box(mm18sm13)|Win32.ActiveCfg = Release - Orange Box(mm18sm13)|Win32
		{B3E797CF-4E77-4C9D-B8A8-7589B6902206}.Release - Orange Box(mm18sm13)|Win32.Build.0 = Release - Orange Box(mm18sm13)|Win32
	EndGlobalSection
	GlobalSection(SolutionProperties) = preSolution
		HideSolutionNode = FALSE
	EndGlobalSection
EndGlobal
